
Microsoft Visual Studio Solution File, Format Version 12.00
# Visual Studio 15
Project("{FAE04EC0-301F-11D3-BF4B-00C04F79EFBC}") = "TodoApi", "TodoApi\TodoApi.csproj", "{201C0319-E732-41A9-92D8-78F5C6A3B23B}"
EndProject
Global
	GlobalSection(SolutionConfigurationPlatforms) = preSolution
		Debug|Any CPU = Debug|Any CPU
		Release|Any CPU = Release|Any CPU
	EndGlobalSection
	GlobalSection(ProjectConfigurationPlatforms) = postSolution
		{201C0319-E732-41A9-92D8-78F5C6A3B23B}.Debug|Any CPU.ActiveCfg = Debug|Any CPU
		{201C0319-E732-41A9-92D8-78F5C6A3B23B}.Debug|Any CPU.Build.0 = Debug|Any CPU
		{201C0319-E732-41A9-92D8-78F5C6A3B23B}.Release|Any CPU.ActiveCfg = Release|Any CPU
		{201C0319-E732-41A9-92D8-78F5C6A3B23B}.Release|Any CPU.Build.0 = Release|Any CPU
	EndGlobalSection
EndGlobal
